
Microsoft Visual Studio Solution File, Format Version 12.00
# Visual Studio Version 17
VisualStudioVersion = 17.2.32519.379
MinimumVisualStudioVersion = 10.0.40219.1
Project("{FAE04EC0-301F-11D3-BF4B-00C04F79EFBC}") = "BookstoreSellingManagement", "BookstoreSellingManagement\BookstoreSellingManagement.csproj", "{1DF95B87-A254-4D88-B29F-5BC4B6431599}"
EndProject
Project("{FAE04EC0-301F-11D3-BF4B-00C04F79EFBC}") = "BookstoreSellingManagement.DAL", "BookstoreSellingManagement.DAL\BookstoreSellingManagement.DAL.csproj", "{8F6A099B-0E30-4ECB-9C7E-1E26E2C89E7A}"
EndProject
Project("{FAE04EC0-301F-11D3-BF4B-00C04F79EFBC}") = "BookstoreSellingManagement.BAL", "BookstoreSellingManagement.BAL\BookstoreSellingManagement.BAL.csproj", "{84C56FDC-F284-469E-A30E-B89A7CEE33A2}"
EndProject
Global
	GlobalSection(SolutionConfigurationPlatforms) = preSolution
		Debug|Any CPU = Debug|Any CPU
		Release|Any CPU = Release|Any CPU
	EndGlobalSection
	GlobalSection(ProjectConfigurationPlatforms) = postSolution
		{1DF95B87-A254-4D88-B29F-5BC4B6431599}.Debug|Any CPU.ActiveCfg = Debug|Any CPU
		{1DF95B87-A254-4D88-B29F-5BC4B6431599}.Debug|Any CPU.Build.0 = Debug|Any CPU
		{1DF95B87-A254-4D88-B29F-5BC4B6431599}.Release|Any CPU.ActiveCfg = Release|Any CPU
		{1DF95B87-A254-4D88-B29F-5BC4B6431599}.Release|Any CPU.Build.0 = Release|Any CPU
		{8F6A099B-0E30-4ECB-9C7E-1E26E2C89E7A}.Debug|Any CPU.ActiveCfg = Debug|Any CPU
		{8F6A099B-0E30-4ECB-9C7E-1E26E2C89E7A}.Debug|Any CPU.Build.0 = Debug|Any CPU
		{8F6A099B-0E30-4ECB-9C7E-1E26E2C89E7A}.Release|Any CPU.ActiveCfg = Release|Any CPU
		{8F6A099B-0E30-4ECB-9C7E-1E26E2C89E7A}.Release|Any CPU.Build.0 = Release|Any CPU
		{84C56FDC-F284-469E-A30E-B89A7CEE33A2}.Debug|Any CPU.ActiveCfg = Debug|Any CPU
		{84C56FDC-F284-469E-A30E-B89A7CEE33A2}.Debug|Any CPU.Build.0 = Debug|Any CPU
		{84C56FDC-F284-469E-A30E-B89A7CEE33A2}.Release|Any CPU.ActiveCfg = Release|Any CPU
		{84C56FDC-F284-469E-A30E-B89A7CEE33A2}.Release|Any CPU.Build.0 = Release|Any CPU
	EndGlobalSection
	GlobalSection(SolutionProperties) = preSolution
		HideSolutionNode = FALSE
	EndGlobalSection
	GlobalSection(ExtensibilityGlobals) = postSolution
		SolutionGuid = {03D917BC-51EC-4C48-8B21-C18E49E0BB21}
	EndGlobalSection
EndGlobal
